// !$*UTF8*$!
{
	archiveVersion = 1;
	classes = {
	};
	objectVersion = 50;
	objects = {

/* Begin PBXBuildFile section */
		5A5FBEE32216427E007A2E98 /* AppDelegate.swift in Sources */ = {isa = PBXBuildFile; fileRef = 5A5FBEE22216427E007A2E98 /* AppDelegate.swift */; };
		5A5FBEE52216427E007A2E98 /* ViewController.swift in Sources */ = {isa = PBXBuildFile; fileRef = 5A5FBEE42216427E007A2E98 /* ViewController.swift */; };
		5A5FBEE82216427E007A2E98 /* Main.storyboard in Resources */ = {isa = PBXBuildFile; fileRef = 5A5FBEE62216427E007A2E98 /* Main.storyboard */; };
		5A5FBEEA2216427F007A2E98 /* Assets.xcassets in Resources */ = {isa = PBXBuildFile; fileRef = 5A5FBEE92216427F007A2E98 /* Assets.xcassets */; };
		5A5FBEED2216427F007A2E98 /* LaunchScreen.storyboard in Resources */ = {isa = PBXBuildFile; fileRef = 5A5FBEEB2216427F007A2E98 /* LaunchScreen.storyboard */; };
		5A5FBEF82216427F007A2E98 /* tippyTests.swift in Sources */ = {isa = PBXBuildFile; fileRef = 5A5FBEF72216427F007A2E98 /* tippyTests.swift */; };
		5A5FBF032216427F007A2E98 /* tippyUITests.swift in Sources */ = {isa = PBXBuildFile; fileRef = 5A5FBF022216427F007A2E98 /* tippyUITests.swift */; };
/* End PBXBuildFile section */

/* Begin PBXContainerItemProxy section */
		5A5FBEF42216427F007A2E98 /* PBXContainerItemProxy */ = {
			isa = PBXContainerItemProxy;
			containerPortal = 5A5FBED72216427E007A2E98 /* Project object */;
			proxyType = 1;
			remoteGlobalIDString = 5A5FBEDE2216427E007A2E98;
			remoteInfo = tippy;
		};
		5A5FBEFF2216427F007A2E98 /* PBXContainerItemProxy */ = {
			isa = PBXContainerItemProxy;
			containerPortal = 5A5FBED72216427E007A2E98 /* Project object */;
			proxyType = 1;
			remoteGlobalIDString = 5A5FBEDE2216427E007A2E98;
			remoteInfo = tippy;
		};
/* End PBXContainerItemProxy section */

/* Begin PBXFileReference section */
		5A5FBEDF2216427E007A2E98 /* tippy.app */ = {isa = PBXFileReference; explicitFileType = wrapper.application; includeInIndex = 0; path = tippy.app; sourceTree = BUILT_PRODUCTS_DIR; };
		5A5FBEE22216427E007A2E98 /* AppDelegate.swift */ = {isa = PBXFileReference; lastKnownFileType = sourcecode.swift; path = AppDelegate.swift; sourceTree = "<group>"; };
		5A5FBEE42216427E007A2E98 /* ViewController.swift */ = {isa = PBXFileReference; lastKnownFileType = sourcecode.swift; path = ViewController.swift; sourceTree = "<group>"; };
		5A5FBEE72216427E007A2E98 /* Base */ = {isa = PBXFileReference; lastKnownFileType = file.storyboard; name = Base; path = Base.lproj/Main.storyboard; sourceTree = "<group>"; };
		5A5FBEE92216427F007A2E98 /* Assets.xcassets */ = {isa = PBXFileReference; lastKnownFileType = folder.assetcatalog; path = Assets.xcassets; sourceTree = "<group>"; };
		5A5FBEEC2216427F007A2E98 /* Base */ = {isa = PBXFileReference; lastKnownFileType = file.storyboard; name = Base; path = Base.lproj/LaunchScreen.storyboard; sourceTree = "<group>"; };
		5A5FBEEE2216427F007A2E98 /* Info.plist */ = {isa = PBXFileReference; lastKnownFileType = text.plist.xml; path = Info.plist; sourceTree = "<group>"; };
		5A5FBEF32216427F007A2E98 /* tippyTests.xctest */ = {isa = PBXFileReference; explicitFileType = wrapper.cfbundle; includeInIndex = 0; path = tippyTests.xctest; sourceTree = BUILT_PRODUCTS_DIR; };
		5A5FBEF72216427F007A2E98 /* tippyTests.swift */ = {isa = PBXFileReference; lastKnownFileType = sourcecode.swift; path = tippyTests.swift; sourceTree = "<group>"; };
		5A5FBEF92216427F007A2E98 /* Info.plist */ = {isa = PBXFileReference; lastKnownFileType = text.plist.xml; path = Info.plist; sourceTree = "<group>"; };
		5A5FBEFE2216427F007A2E98 /* tippyUITests.xctest */ = {isa = PBXFileReference; explicitFileType = wrapper.cfbundle; includeInIndex = 0; path = tippyUITests.xctest; sourceTree = BUILT_PRODUCTS_DIR; };
		5A5FBF022216427F007A2E98 /* tippyUITests.swift */ = {isa = PBXFileReference; lastKnownFileType = sourcecode.swift; path = tippyUITests.swift; sourceTree = "<group>"; };
		5A5FBF042216427F007A2E98 /* Info.plist */ = {isa = PBXFileReference; lastKnownFileType = text.plist.xml; path = Info.plist; sourceTree = "<group>"; };
/* End PBXFileReference section */

/* Begin PBXFrameworksBuildPhase section */
		5A5FBEDC2216427E007A2E98 /* Frameworks */ = {
			isa = PBXFrameworksBuildPhase;
			buildActionMask = 2147483647;
			files = (
			);
			runOnlyForDeploymentPostprocessing = 0;
		};
		5A5FBEF02216427F007A2E98 /* Frameworks */ = {
			isa = PBXFrameworksBuildPhase;
			buildActionMask = 2147483647;
			files = (
			);
			runOnlyForDeploymentPostprocessing = 0;
		};
		5A5FBEFB2216427F007A2E98 /* Frameworks */ = {
			isa = PBXFrameworksBuildPhase;
			buildActionMask = 2147483647;
			files = (
			);
			runOnlyForDeploymentPostprocessing = 0;
		};
/* End PBXFrameworksBuildPhase section */

/* Begin PBXGroup section */
		5A5FBED62216427E007A2E98 = {
			isa = PBXGroup;
			children = (
				5A5FBEE12216427E007A2E98 /* tippy */,
				5A5FBEF62216427F007A2E98 /* tippyTests */,
				5A5FBF012216427F007A2E98 /* tippyUITests */,
				5A5FBEE02216427E007A2E98 /* Products */,
			);
			sourceTree = "<group>";
		};
		5A5FBEE02216427E007A2E98 /* Products */ = {
			isa = PBXGroup;
			children = (
				5A5FBEDF2216427E007A2E98 /* tippy.app */,
				5A5FBEF32216427F007A2E98 /* tippyTests.xctest */,
				5A5FBEFE2216427F007A2E98 /* tippyUITests.xctest */,
			);
			name = Products;
			sourceTree = "<group>";
		};
		5A5FBEE12216427E007A2E98 /* tippy */ = {
			isa = PBXGroup;
			children = (
				5A5FBEE22216427E007A2E98 /* AppDelegate.swift */,
				5A5FBEE42216427E007A2E98 /* ViewController.swift */,
				5A5FBEE62216427E007A2E98 /* Main.storyboard */,
				5A5FBEE92216427F007A2E98 /* Assets.xcassets */,
				5A5FBEEB2216427F007A2E98 /* LaunchScreen.storyboard */,
				5A5FBEEE2216427F007A2E98 /* Info.plist */,
			);
			path = tippy;
			sourceTree = "<group>";
		};
		5A5FBEF62216427F007A2E98 /* tippyTests */ = {
			isa = PBXGroup;
			children = (
				5A5FBEF72216427F007A2E98 /* tippyTests.swift */,
				5A5FBEF92216427F007A2E98 /* Info.plist */,
			);
			path = tippyTests;
			sourceTree = "<group>";
		};
		5A5FBF012216427F007A2E98 /* tippyUITests */ = {
			isa = PBXGroup;
			children = (
				5A5FBF022216427F007A2E98 /* tippyUITests.swift */,
				5A5FBF042216427F007A2E98 /* Info.plist */,
			);
			path = tippyUITests;
			sourceTree = "<group>";
		};
/* End PBXGroup section */

/* Begin PBXNativeTarget section */
		5A5FBEDE2216427E007A2E98 /* tippy */ = {
			isa = PBXNativeTarget;
			buildConfigurationList = 5A5FBF072216427F007A2E98 /* Build configuration list for PBXNativeTarget "tippy" */;
			buildPhases = (
				5A5FBEDB2216427E007A2E98 /* Sources */,
				5A5FBEDC2216427E007A2E98 /* Frameworks */,
				5A5FBEDD2216427E007A2E98 /* Resources */,
			);
			buildRules = (
			);
			dependencies = (
			);
			name = tippy;
			productName = tippy;
			productReference = 5A5FBEDF2216427E007A2E98 /* tippy.app */;
			productType = "com.apple.product-type.application";
		};
		5A5FBEF22216427F007A2E98 /* tippyTests */ = {
			isa = PBXNativeTarget;
			buildConfigurationList = 5A5FBF0A2216427F007A2E98 /* Build configuration list for PBXNativeTarget "tippyTests" */;
			buildPhases = (
				5A5FBEEF2216427F007A2E98 /* Sources */,
				5A5FBEF02216427F007A2E98 /* Frameworks */,
				5A5FBEF12216427F007A2E98 /* Resources */,
			);
			buildRules = (
			);
			dependencies = (
				5A5FBEF52216427F007A2E98 /* PBXTargetDependency */,
			);
			name = tippyTests;
			productName = tippyTests;
			productReference = 5A5FBEF32216427F007A2E98 /* tippyTests.xctest */;
			productType = "com.apple.product-type.bundle.unit-test";
		};
		5A5FBEFD2216427F007A2E98 /* tippyUITests */ = {
			isa = PBXNativeTarget;
			buildConfigurationList = 5A5FBF0D2216427F007A2E98 /* Build configuration list for PBXNativeTarget "tippyUITests" */;
			buildPhases = (
				5A5FBEFA2216427F007A2E98 /* Sources */,
				5A5FBEFB2216427F007A2E98 /* Frameworks */,
				5A5FBEFC2216427F007A2E98 /* Resources */,
			);
			buildRules = (
			);
			dependencies = (
				5A5FBF002216427F007A2E98 /* PBXTargetDependency */,
			);
			name = tippyUITests;
			productName = tippyUITests;
			productReference = 5A5FBEFE2216427F007A2E98 /* tippyUITests.xctest */;
			productType = "com.apple.product-type.bundle.ui-testing";
		};
/* End PBXNativeTarget section */

/* Begin PBXProject section */
		5A5FBED72216427E007A2E98 /* Project object */ = {
			isa = PBXProject;
			attributes = {
				LastSwiftUpdateCheck = 1010;
				LastUpgradeCheck = 1010;
				ORGANIZATIONNAME = "Hunter Boleman";
				TargetAttributes = {
					5A5FBEDE2216427E007A2E98 = {
						CreatedOnToolsVersion = 10.1;
					};
					5A5FBEF22216427F007A2E98 = {
						CreatedOnToolsVersion = 10.1;
						TestTargetID = 5A5FBEDE2216427E007A2E98;
					};
					5A5FBEFD2216427F007A2E98 = {
						CreatedOnToolsVersion = 10.1;
						TestTargetID = 5A5FBEDE2216427E007A2E98;
					};
				};
			};
			buildConfigurationList = 5A5FBEDA2216427E007A2E98 /* Build configuration list for PBXProject "tippy" */;
			compatibilityVersion = "Xcode 9.3";
			developmentRegion = en;
			hasScannedForEncodings = 0;
			knownRegions = (
				en,
				Base,
			);
			mainGroup = 5A5FBED62216427E007A2E98;
			productRefGroup = 5A5FBEE02216427E007A2E98 /* Products */;
			projectDirPath = "";
			projectRoot = "";
			targets = (
				5A5FBEDE2216427E007A2E98 /* tippy */,
				5A5FBEF22216427F007A2E98 /* tippyTests */,
				5A5FBEFD2216427F007A2E98 /* tippyUITests */,
			);
		};
/* End PBXProject section */

/* Begin PBXResourcesBuildPhase section */
		5A5FBEDD2216427E007A2E98 /* Resources */ = {
			isa = PBXResourcesBuildPhase;
			buildActionMask = 2147483647;
			files = (
				5A5FBEED2216427F007A2E98 /* LaunchScreen.storyboard in Resources */,
				5A5FBEEA2216427F007A2E98 /* Assets.xcassets in Resources */,
				5A5FBEE82216427E007A2E98 /* Main.storyboard in Resources */,
			);
			runOnlyForDeploymentPostprocessing = 0;
		};
		5A5FBEF12216427F007A2E98 /* Resources */ = {
			isa = PBXResourcesBuildPhase;
			buildActionMask = 2147483647;
			files = (
			);
			runOnlyForDeploymentPostprocessing = 0;
		};
		5A5FBEFC2216427F007A2E98 /* Resources */ = {
			isa = PBXResourcesBuildPhase;
			buildActionMask = 2147483647;
			files = (
			);
			runOnlyForDeploymentPostprocessing = 0;
		};
/* End PBXResourcesBuildPhase section */

/* Begin PBXSourcesBuildPhase section */
		5A5FBEDB2216427E007A2E98 /* Sources */ = {
			isa = PBXSourcesBuildPhase;
			buildActionMask = 2147483647;
			files = (
				5A5FBEE52216427E007A2E98 /* ViewController.swift in Sources */,
				5A5FBEE32216427E007A2E98 /* AppDelegate.swift in Sources */,
			);
			runOnlyForDeploymentPostprocessing = 0;
		};
		5A5FBEEF2216427F007A2E98 /* Sources */ = {
			isa = PBXSourcesBuildPhase;
			buildActionMask = 2147483647;
			files = (
				5A5FBEF82216427F007A2E98 /* tippyTests.swift in Sources */,
			);
			runOnlyForDeploymentPostprocessing = 0;
		};
		5A5FBEFA2216427F007A2E98 /* Sources */ = {
			isa = PBXSourcesBuildPhase;
			buildActionMask = 2147483647;
			files = (
				5A5FBF032216427F007A2E98 /* tippyUITests.swift in Sources */,
			);
			runOnlyForDeploymentPostprocessing = 0;
		};
/* End PBXSourcesBuildPhase section */

/* Begin PBXTargetDependency section */
		5A5FBEF52216427F007A2E98 /* PBXTargetDependency */ = {
			isa = PBXTargetDependency;
			target = 5A5FBEDE2216427E007A2E98 /* tippy */;
			targetProxy = 5A5FBEF42216427F007A2E98 /* PBXContainerItemProxy */;
		};
		5A5FBF002216427F007A2E98 /* PBXTargetDependency */ = {
			isa = PBXTargetDependency;
			target = 5A5FBEDE2216427E007A2E98 /* tippy */;
			targetProxy = 5A5FBEFF2216427F007A2E98 /* PBXContainerItemProxy */;
		};
/* End PBXTargetDependency section */

/* Begin PBXVariantGroup section */
		5A5FBEE62216427E007A2E98 /* Main.storyboard */ = {
			isa = PBXVariantGroup;
			children = (
				5A5FBEE72216427E007A2E98 /* Base */,
			);
			name = Main.storyboard;
			sourceTree = "<group>";
		};
		5A5FBEEB2216427F007A2E98 /* LaunchScreen.storyboard */ = {
			isa = PBXVariantGroup;
			children = (
				5A5FBEEC2216427F007A2E98 /* Base */,
			);
			name = LaunchScreen.storyboard;
			sourceTree = "<group>";
		};
/* End PBXVariantGroup section */

/* Begin XCBuildConfiguration section */
		5A5FBF052216427F007A2E98 /* Debug */ = {
			isa = XCBuildConfiguration;
			buildSettings = {
				ALWAYS_SEARCH_USER_PATHS = NO;
				CLANG_ANALYZER_NONNULL = YES;
				CLANG_ANALYZER_NUMBER_OBJECT_CONVERSION = YES_AGGRESSIVE;
				CLANG_CXX_LANGUAGE_STANDARD = "gnu++14";
				CLANG_CXX_LIBRARY = "libc++";
				CLANG_ENABLE_MODULES = YES;
				CLANG_ENABLE_OBJC_ARC = YES;
				CLANG_ENABLE_OBJC_WEAK = YES;
				CLANG_WARN_BLOCK_CAPTURE_AUTORELEASING = YES;
				CLANG_WARN_BOOL_CONVERSION = YES;
				CLANG_WARN_COMMA = YES;
				CLANG_WARN_CONSTANT_CONVERSION = YES;
				CLANG_WARN_DEPRECATED_OBJC_IMPLEMENTATIONS = YES;
				CLANG_WARN_DIRECT_OBJC_ISA_USAGE = YES_ERROR;
				CLANG_WARN_DOCUMENTATION_COMMENTS = YES;
				CLANG_WARN_EMPTY_BODY = YES;
				CLANG_WARN_ENUM_CONVERSION = YES;
				CLANG_WARN_INFINITE_RECURSION = YES;
				CLANG_WARN_INT_CONVERSION = YES;
				CLANG_WARN_NON_LITERAL_NULL_CONVERSION = YES;
				CLANG_WARN_OBJC_IMPLICIT_RETAIN_SELF = YES;
				CLANG_WARN_OBJC_LITERAL_CONVERSION = YES;
				CLANG_WARN_OBJC_ROOT_CLASS = YES_ERROR;
				CLANG_WARN_RANGE_LOOP_ANALYSIS = YES;
				CLANG_WARN_STRICT_PROTOTYPES = YES;
				CLANG_WARN_SUSPICIOUS_MOVE = YES;
				CLANG_WARN_UNGUARDED_AVAILABILITY = YES_AGGRESSIVE;
				CLANG_WARN_UNREACHABLE_CODE = YES;
				CLANG_WARN__DUPLICATE_METHOD_MATCH = YES;
				CODE_SIGN_IDENTITY = "iPhone Developer";
				COPY_PHASE_STRIP = NO;
				DEBUG_INFORMATION_FORMAT = dwarf;
				ENABLE_STRICT_OBJC_MSGSEND = YES;
				ENABLE_TESTABILITY = YES;
				GCC_C_LANGUAGE_STANDARD = gnu11;
				GCC_DYNAMIC_NO_PIC = NO;
				GCC_NO_COMMON_BLOCKS = YES;
				GCC_OPTIMIZATION_LEVEL = 0;
				GCC_PREPROCESSOR_DEFINITIONS = (
					"DEBUG=1",
					"$(inherited)",
				);
				GCC_WARN_64_TO_32_BIT_CONVERSION = YES;
				GCC_WARN_ABOUT_RETURN_TYPE = YES_ERROR;
				GCC_WARN_UNDECLARED_SELECTOR = YES;
				GCC_WARN_UNINITIALIZED_AUTOS = YES_AGGRESSIVE;
				GCC_WARN_UNUSED_FUNCTION = YES;
				GCC_WARN_UNUSED_VARIABLE = YES;
				IPHONEOS_DEPLOYMENT_TARGET = 12.1;
				MTL_ENABLE_DEBUG_INFO = INCLUDE_SOURCE;
				MTL_FAST_MATH = YES;
				ONLY_ACTIVE_ARCH = YES;
				SDKROOT = iphoneos;
				SWIFT_ACTIVE_COMPILATION_CONDITIONS = DEBUG;
				SWIFT_OPTIMIZATION_LEVEL = "-Onone";
			};
			name = Debug;
		};
		5A5FBF062216427F007A2E98 /* Release */ = {
			isa = XCBuildConfiguration;
			buildSettings = {
				ALWAYS_SEARCH_USER_PATHS = NO;
				CLANG_ANALYZER_NONNULL = YES;
				CLANG_ANALYZER_NUMBER_OBJECT_CONVERSION = YES_AGGRESSIVE;
				CLANG_CXX_LANGUAGE_STANDARD = "gnu++14";
				CLANG_CXX_LIBRARY = "libc++";
				CLANG_ENABLE_MODULES = YES;
				CLANG_ENABLE_OBJC_ARC = YES;
				CLANG_ENABLE_OBJC_WEAK = YES;
				CLANG_WARN_BLOCK_CAPTURE_AUTORELEASING = YES;
				CLANG_WARN_BOOL_CONVERSION = YES;
				CLANG_WARN_COMMA = YES;
				CLANG_WARN_CONSTANT_CONVERSION = YES;
				CLANG_WARN_DEPRECATED_OBJC_IMPLEMENTATIONS = YES;
				CLANG_WARN_DIRECT_OBJC_ISA_USAGE = YES_ERROR;
				CLANG_WARN_DOCUMENTATION_COMMENTS = YES;
				CLANG_WARN_EMPTY_BODY = YES;
				CLANG_WARN_ENUM_CONVERSION = YES;
				CLANG_WARN_INFINITE_RECURSION = YES;
				CLANG_WARN_INT_CONVERSION = YES;
				CLANG_WARN_NON_LITERAL_NULL_CONVERSION = YES;
				CLANG_WARN_OBJC_IMPLICIT_RETAIN_SELF = YES;
				CLANG_WARN_OBJC_LITERAL_CONVERSION = YES;
				CLANG_WARN_OBJC_ROOT_CLASS = YES_ERROR;
				CLANG_WARN_RANGE_LOOP_ANALYSIS = YES;
				CLANG_WARN_STRICT_PROTOTYPES = YES;
				CLANG_WARN_SUSPICIOUS_MOVE = YES;
				CLANG_WARN_UNGUARDED_AVAILABILITY = YES_AGGRESSIVE;
				CLANG_WARN_UNREACHABLE_CODE = YES;
				CLANG_WARN__DUPLICATE_METHOD_MATCH = YES;
				CODE_SIGN_IDENTITY = "iPhone Developer";
				COPY_PHASE_STRIP = NO;
				DEBUG_INFORMATION_FORMAT = "dwarf-with-dsym";
				ENABLE_NS_ASSERTIONS = NO;
				ENABLE_STRICT_OBJC_MSGSEND = YES;
				GCC_C_LANGUAGE_STANDARD = gnu11;
				GCC_NO_COMMON_BLOCKS = YES;
				GCC_WARN_64_TO_32_BIT_CONVERSION = YES;
				GCC_WARN_ABOUT_RETURN_TYPE = YES_ERROR;
				GCC_WARN_UNDECLARED_SELECTOR = YES;
				GCC_WARN_UNINITIALIZED_AUTOS = YES_AGGRESSIVE;
				GCC_WARN_UNUSED_FUNCTION = YES;
				GCC_WARN_UNUSED_VARIABLE = YES;
				IPHONEOS_DEPLOYMENT_TARGET = 12.1;
				MTL_ENABLE_DEBUG_INFO = NO;
				MTL_FAST_MATH = YES;
				SDKROOT = iphoneos;
				SWIFT_COMPILATION_MODE = wholemodule;
				SWIFT_OPTIMIZATION_LEVEL = "-O";
				VALIDATE_PRODUCT = YES;
			};
			name = Release;
		};
		5A5FBF082216427F007A2E98 /* Debug */ = {
			isa = XCBuildConfiguration;
			buildSettings = {
				ASSETCATALOG_COMPILER_APPICON_NAME = AppIcon;
				CODE_SIGN_STYLE = Automatic;
				DEVELOPMENT_TEAM = FF9L5T7Y8K;
				INFOPLIST_FILE = tippy/Info.plist;
				LD_RUNPATH_SEARCH_PATHS = (
					"$(inherited)",
					"@executable_path/Frameworks",
				);
				PRODUCT_BUNDLE_IDENTIFIER = com.hunterboleman.tippy;
				PRODUCT_NAME = "$(TARGET_NAME)";
				SWIFT_VERSION = 4.2;
				TARGETED_DEVICE_FAMILY = "1,2";
			};
			name = Debug;
		};
		5A5FBF092216427F007A2E98 /* Release */ = {
			isa = XCBuildConfiguration;
			buildSettings = {
				ASSETCATALOG_COMPILER_APPICON_NAME = AppIcon;
				CODE_SIGN_STYLE = Automatic;
				DEVELOPMENT_TEAM = FF9L5T7Y8K;
				INFOPLIST_FILE = tippy/Info.plist;
				LD_RUNPATH_SEARCH_PATHS = (
					"$(inherited)",
					"@executable_path/Frameworks",
				);
				PRODUCT_BUNDLE_IDENTIFIER = com.hunterboleman.tippy;
				PRODUCT_NAME = "$(TARGET_NAME)";
				SWIFT_VERSION = 4.2;
				TARGETED_DEVICE_FAMILY = "1,2";
			};
			name = Release;
		};
		5A5FBF0B2216427F007A2E98 /* Debug */ = {
			isa = XCBuildConfiguration;
			buildSettings = {
				ALWAYS_EMBED_SWIFT_STANDARD_LIBRARIES = YES;
				BUNDLE_LOADER = "$(TEST_HOST)";
				CODE_SIGN_STYLE = Automatic;
				DEVELOPMENT_TEAM = FF9L5T7Y8K;
				INFOPLIST_FILE = tippyTests/Info.plist;
				LD_RUNPATH_SEARCH_PATHS = (
					"$(inherited)",
					"@executable_path/Frameworks",
					"@loader_path/Frameworks",
				);
				PRODUCT_BUNDLE_IDENTIFIER = com.hunterboleman.tippyTests;
				PRODUCT_NAME = "$(TARGET_NAME)";
				SWIFT_VERSION = 4.2;
				TARGETED_DEVICE_FAMILY = "1,2";
				TEST_HOST = "$(BUILT_PRODUCTS_DIR)/tippy.app/tippy";
			};
			name = Debug;
		};
		5A5FBF0C2216427F007A2E98 /* Release */ = {
			isa = XCBuildConfiguration;
			buildSettings = {
				ALWAYS_EMBED_SWIFT_STANDARD_LIBRARIES = YES;
				BUNDLE_LOADER = "$(TEST_HOST)";
				CODE_SIGN_STYLE = Automatic;
				DEVELOPMENT_TEAM = FF9L5T7Y8K;
				INFOPLIST_FILE = tippyTests/Info.plist;
				LD_RUNPATH_SEARCH_PATHS = (
					"$(inherited)",
					"@executable_path/Frameworks",
					"@loader_path/Frameworks",
				);
				PRODUCT_BUNDLE_IDENTIFIER = com.hunterboleman.tippyTests;
				PRODUCT_NAME = "$(TARGET_NAME)";
				SWIFT_VERSION = 4.2;
				TARGETED_DEVICE_FAMILY = "1,2";
				TEST_HOST = "$(BUILT_PRODUCTS_DIR)/tippy.app/tippy";
			};
			name = Release;
		};
		5A5FBF0E2216427F007A2E98 /* Debug */ = {
			isa = XCBuildConfiguration;
			buildSettings = {
				ALWAYS_EMBED_SWIFT_STANDARD_LIBRARIES = YES;
				CODE_SIGN_STYLE = Automatic;
				DEVELOPMENT_TEAM = FF9L5T7Y8K;
				INFOPLIST_FILE = tippyUITests/Info.plist;
				LD_RUNPATH_SEARCH_PATHS = (
					"$(inherited)",
					"@executable_path/Frameworks",
					"@loader_path/Frameworks",
				);
				PRODUCT_BUNDLE_IDENTIFIER = com.hunterboleman.tippyUITests;
				PRODUCT_NAME = "$(TARGET_NAME)";
				SWIFT_VERSION = 4.2;
				TARGETED_DEVICE_FAMILY = "1,2";
				TEST_TARGET_NAME = tippy;
			};
			name = Debug;
		};
		5A5FBF0F2216427F007A2E98 /* Release */ = {
			isa = XCBuildConfiguration;
			buildSettings = {
				ALWAYS_EMBED_SWIFT_STANDARD_LIBRARIES = YES;
				CODE_SIGN_STYLE = Automatic;
				DEVELOPMENT_TEAM = FF9L5T7Y8K;
				INFOPLIST_FILE = tippyUITests/Info.plist;
				LD_RUNPATH_SEARCH_PATHS = (
					"$(inherited)",
					"@executable_path/Frameworks",
					"@loader_path/Frameworks",
				);
				PRODUCT_BUNDLE_IDENTIFIER = com.hunterboleman.tippyUITests;
				PRODUCT_NAME = "$(TARGET_NAME)";
				SWIFT_VERSION = 4.2;
				TARGETED_DEVICE_FAMILY = "1,2";
				TEST_TARGET_NAME = tippy;
			};
			name = Release;
		};
/* End XCBuildConfiguration section */

/* Begin XCConfigurationList section */
		5A5FBEDA2216427E007A2E98 /* Build configuration list for PBXProject "tippy" */ = {
			isa = XCConfigurationList;
			buildConfigurations = (
				5A5FBF052216427F007A2E98 /* Debug */,
				5A5FBF062216427F007A2E98 /* Release */,
			);
			defaultConfigurationIsVisible = 0;
			defaultConfigurationName = Release;
		};
		5A5FBF072216427F007A2E98 /* Build configuration list for PBXNativeTarget "tippy" */ = {
			isa = XCConfigurationList;
			buildConfigurations = (
				5A5FBF082216427F007A2E98 /* Debug */,
				5A5FBF092216427F007A2E98 /* Release */,
			);
			defaultConfigurationIsVisible = 0;
			defaultConfigurationName = Release;
		};
		5A5FBF0A2216427F007A2E98 /* Build configuration list for PBXNativeTarget "tippyTests" */ = {
			isa = XCConfigurationList;
			buildConfigurations = (
				5A5FBF0B2216427F007A2E98 /* Debug */,
				5A5FBF0C2216427F007A2E98 /* Release */,
			);
			defaultConfigurationIsVisible = 0;
			defaultConfigurationName = Release;
		};
		5A5FBF0D2216427F007A2E98 /* Build configuration list for PBXNativeTarget "tippyUITests" */ = {
			isa = XCConfigurationList;
			buildConfigurations = (
				5A5FBF0E2216427F007A2E98 /* Debug */,
				5A5FBF0F2216427F007A2E98 /* Release */,
			);
			defaultConfigurationIsVisible = 0;
			defaultConfigurationName = Release;
		};
/* End XCConfigurationList section */
	};
	rootObject = 5A5FBED72216427E007A2E98 /* Project object */;
}
